
Microsoft Visual Studio Solution File, Format Version 12.00
# Visual Studio Version 17
VisualStudioVersion = 17.0.32126.317
MinimumVisualStudioVersion = 10.0.40219.1
Project("{9A19103F-16F7-4668-BE54-9A1E7A4F7556}") = "TestApp", "TestApp.csproj", "{FC4411F2-B180-412D-899C-C65BB0EE1C23}"
EndProject
Global
	GlobalSection(SolutionConfigurationPlatforms) = preSolution
		Debug|Any CPU = Debug|Any CPU
		Release|Any CPU = Release|Any CPU
	EndGlobalSection
	GlobalSection(ProjectConfigurationPlatforms) = postSolution
		{FC4411F2-B180-412D-899C-C65BB0EE1C23}.Debug|Any CPU.ActiveCfg = Debug|Any CPU
		{FC4411F2-B180-412D-899C-C65BB0EE1C23}.Debug|Any CPU.Build.0 = Debug|Any CPU
		{FC4411F2-B180-412D-899C-C65BB0EE1C23}.Release|Any CPU.ActiveCfg = Release|Any CPU
		{FC4411F2-B180-412D-899C-C65BB0EE1C23}.Release|Any CPU.Build.0 = Release|Any CPU
	EndGlobalSection
	GlobalSection(SolutionProperties) = preSolution
		HideSolutionNode = FALSE
	EndGlobalSection
	GlobalSection(ExtensibilityGlobals) = postSolution
		SolutionGuid = {3E41F562-45C7-4E0F-975C-E9B1375749A1}
	EndGlobalSection
EndGlobal
